
Microsoft Visual Studio Solution File, Format Version 12.00
# Visual Studio Version 16
VisualStudioVersion = 16.0.29326.143
MinimumVisualStudioVersion = 10.0.40219.1
Project("{FAE04EC0-301F-11D3-BF4B-00C04F79EFBC}") = "FryScript.VsCode.LanguageServer", "FryScript.VsCode.LanguageServer\FryScript.VsCode.LanguageServer.csproj", "{54D4F10F-1135-4207-8B82-A286EF79B4B5}"
EndProject
Project("{FAE04EC0-301F-11D3-BF4B-00C04F79EFBC}") = "FryScript.VsCode.LanguageServer.Tests", "FryScript.VsCode.LanguageServer.Tests\FryScript.VsCode.LanguageServer.Tests.csproj", "{D97B3835-094E-4102-97AA-342CE5D6D585}"
EndProject
Global
	GlobalSection(SolutionConfigurationPlatforms) = preSolution
		Debug|Any CPU = Debug|Any CPU
		Release|Any CPU = Release|Any CPU
	EndGlobalSection
	GlobalSection(ProjectConfigurationPlatforms) = postSolution
		{54D4F10F-1135-4207-8B82-A286EF79B4B5}.Debug|Any CPU.ActiveCfg = Debug|Any CPU
		{54D4F10F-1135-4207-8B82-A286EF79B4B5}.Debug|Any CPU.Build.0 = Debug|Any CPU
		{54D4F10F-1135-4207-8B82-A286EF79B4B5}.Release|Any CPU.ActiveCfg = Release|Any CPU
		{54D4F10F-1135-4207-8B82-A286EF79B4B5}.Release|Any CPU.Build.0 = Release|Any CPU
		{D97B3835-094E-4102-97AA-342CE5D6D585}.Debug|Any CPU.ActiveCfg = Debug|Any CPU
		{D97B3835-094E-4102-97AA-342CE5D6D585}.Debug|Any CPU.Build.0 = Debug|Any CPU
		{D97B3835-094E-4102-97AA-342CE5D6D585}.Release|Any CPU.ActiveCfg = Release|Any CPU
		{D97B3835-094E-4102-97AA-342CE5D6D585}.Release|Any CPU.Build.0 = Release|Any CPU
	EndGlobalSection
	GlobalSection(SolutionProperties) = preSolution
		HideSolutionNode = FALSE
	EndGlobalSection
	GlobalSection(ExtensibilityGlobals) = postSolution
		SolutionGuid = {8CAC745C-68DD-424D-BB6D-6021AC1A03D9}
	EndGlobalSection
EndGlobal
